
Microsoft Visual Studio Solution File, Format Version 12.00
# Visual Studio Version 16
VisualStudioVersion = 16.0.30204.135
MinimumVisualStudioVersion = 10.0.40219.1
Project("{9A19103F-16F7-4668-BE54-9A1E7A4F7556}") = "PowerBiDiffer", "PowerBiDiffer\PowerBiDiffer.csproj", "{6469C12B-2C9C-4E94-AAA1-0D6D24D2602E}"
EndProject
Project("{2150E333-8FDC-42A3-9474-1A3956D46DE8}") = "PbixSample", "PbixSample", "{FCFBC86A-3C7B-4FFD-BB75-F3B5458ACB98}"
	ProjectSection(SolutionItems) = preProject
		TestPBix\Sample.pbix = TestPBix\Sample.pbix
	EndProjectSection
EndProject
Global
	GlobalSection(SolutionConfigurationPlatforms) = preSolution
		Debug|Any CPU = Debug|Any CPU
		Release|Any CPU = Release|Any CPU
	EndGlobalSection
	GlobalSection(ProjectConfigurationPlatforms) = postSolution
		{6469C12B-2C9C-4E94-AAA1-0D6D24D2602E}.Debug|Any CPU.ActiveCfg = Debug|Any CPU
		{6469C12B-2C9C-4E94-AAA1-0D6D24D2602E}.Debug|Any CPU.Build.0 = Debug|Any CPU
		{6469C12B-2C9C-4E94-AAA1-0D6D24D2602E}.Release|Any CPU.ActiveCfg = Release|Any CPU
		{6469C12B-2C9C-4E94-AAA1-0D6D24D2602E}.Release|Any CPU.Build.0 = Release|Any CPU
	EndGlobalSection
	GlobalSection(SolutionProperties) = preSolution
		HideSolutionNode = FALSE
	EndGlobalSection
	GlobalSection(ExtensibilityGlobals) = postSolution
		SolutionGuid = {56C224EE-E4B2-4EF1-BF2F-03F6EF98B1E3}
	EndGlobalSection
EndGlobal
